// !$*UTF8*$!
{
	archiveVersion = 1;
	classes = {
	};
	objectVersion = 55;
	objects = {

/* Begin PBXBuildFile section */
		30CE821E3859BAB40A9768C0 /* Pods_ChatApp.framework in Frameworks */ = {isa = PBXBuildFile; fileRef = EFB45F5B0EEEE1DA855BD1D8 /* Pods_ChatApp.framework */; };
		CD18DAD72990FDC6005D6544 /* LoginButtonController.swift in Sources */ = {isa = PBXBuildFile; fileRef = CD18DAD62990FDC6005D6544 /* LoginButtonController.swift */; };
		CD18DADA2990FEAE005D6544 /* UITextField+Extension.swift in Sources */ = {isa = PBXBuildFile; fileRef = CD18DAD92990FEAE005D6544 /* UITextField+Extension.swift */; };
		CD18DADE29911EC7005D6544 /* MainCoordinator.swift in Sources */ = {isa = PBXBuildFile; fileRef = CD18DADD29911EC7005D6544 /* MainCoordinator.swift */; };
		CD3C2350298BD897002A1A05 /* MessageView.swift in Sources */ = {isa = PBXBuildFile; fileRef = CD3C234F298BD897002A1A05 /* MessageView.swift */; };
		CD3C2352298BE30C002A1A05 /* LoginView.swift in Sources */ = {isa = PBXBuildFile; fileRef = CD3C2351298BE30C002A1A05 /* LoginView.swift */; };
		CD565F0E2972ED8800B26FC7 /* AppDelegate.swift in Sources */ = {isa = PBXBuildFile; fileRef = CD565F0D2972ED8800B26FC7 /* AppDelegate.swift */; };
		CD565F102972ED8800B26FC7 /* SceneDelegate.swift in Sources */ = {isa = PBXBuildFile; fileRef = CD565F0F2972ED8800B26FC7 /* SceneDelegate.swift */; };
		CD565F122972ED8800B26FC7 /* LoginViewController.swift in Sources */ = {isa = PBXBuildFile; fileRef = CD565F112972ED8800B26FC7 /* LoginViewController.swift */; };
		CD565F182972ED8800B26FC7 /* ChatApp.xcdatamodeld in Sources */ = {isa = PBXBuildFile; fileRef = CD565F162972ED8800B26FC7 /* ChatApp.xcdatamodeld */; };
		CD565F1A2972ED8A00B26FC7 /* Assets.xcassets in Resources */ = {isa = PBXBuildFile; fileRef = CD565F192972ED8A00B26FC7 /* Assets.xcassets */; };
		CD565F1D2972ED8A00B26FC7 /* LaunchScreen.storyboard in Resources */ = {isa = PBXBuildFile; fileRef = CD565F1B2972ED8A00B26FC7 /* LaunchScreen.storyboard */; };
		CD565F272972F3DE00B26FC7 /* ChatTableViewController.swift in Sources */ = {isa = PBXBuildFile; fileRef = CD565F262972F3DE00B26FC7 /* ChatTableViewController.swift */; };
		CD565F292972F49200B26FC7 /* MessageInputView.swift in Sources */ = {isa = PBXBuildFile; fileRef = CD565F282972F49200B26FC7 /* MessageInputView.swift */; };
		CD565F2B2972FBF400B26FC7 /* ChatController.swift in Sources */ = {isa = PBXBuildFile; fileRef = CD565F2A2972FBF400B26FC7 /* ChatController.swift */; };
		CD565F2D2972FC1300B26FC7 /* Message.swift in Sources */ = {isa = PBXBuildFile; fileRef = CD565F2C2972FC1300B26FC7 /* Message.swift */; };
		CD565F2F2972FD7000B26FC7 /* MessageViewModel.swift in Sources */ = {isa = PBXBuildFile; fileRef = CD565F2E2972FD7000B26FC7 /* MessageViewModel.swift */; };
		CD565F312972FF2F00B26FC7 /* DateFormatters.swift in Sources */ = {isa = PBXBuildFile; fileRef = CD565F302972FF2F00B26FC7 /* DateFormatters.swift */; };
		CD565F332973018000B26FC7 /* MessageViewCell.swift in Sources */ = {isa = PBXBuildFile; fileRef = CD565F322973018000B26FC7 /* MessageViewCell.swift */; };
		CD565F3529731A5500B26FC7 /* ChatService.swift in Sources */ = {isa = PBXBuildFile; fileRef = CD565F3429731A5500B26FC7 /* ChatService.swift */; };
		CD565F3729731AEB00B26FC7 /* LoginModels.swift in Sources */ = {isa = PBXBuildFile; fileRef = CD565F3629731AEB00B26FC7 /* LoginModels.swift */; };
/* End PBXBuildFile section */

/* Begin PBXFileReference section */
		4235E75FDAE2176D98494694 /* Pods-ChatApp.release.xcconfig */ = {isa = PBXFileReference; includeInIndex = 1; lastKnownFileType = text.xcconfig; name = "Pods-ChatApp.release.xcconfig"; path = "Target Support Files/Pods-ChatApp/Pods-ChatApp.release.xcconfig"; sourceTree = "<group>"; };
		5160C5BF4AA1509CB0181E98 /* Pods-ChatApp.debug.xcconfig */ = {isa = PBXFileReference; includeInIndex = 1; lastKnownFileType = text.xcconfig; name = "Pods-ChatApp.debug.xcconfig"; path = "Target Support Files/Pods-ChatApp/Pods-ChatApp.debug.xcconfig"; sourceTree = "<group>"; };
		CD18DAD62990FDC6005D6544 /* LoginButtonController.swift */ = {isa = PBXFileReference; lastKnownFileType = sourcecode.swift; path = LoginButtonController.swift; sourceTree = "<group>"; };
		CD18DAD92990FEAE005D6544 /* UITextField+Extension.swift */ = {isa = PBXFileReference; lastKnownFileType = sourcecode.swift; path = "UITextField+Extension.swift"; sourceTree = "<group>"; };
		CD18DADD29911EC7005D6544 /* MainCoordinator.swift */ = {isa = PBXFileReference; lastKnownFileType = sourcecode.swift; path = MainCoordinator.swift; sourceTree = "<group>"; };
		CD3C234F298BD897002A1A05 /* MessageView.swift */ = {isa = PBXFileReference; lastKnownFileType = sourcecode.swift; path = MessageView.swift; sourceTree = "<group>"; };
		CD3C2351298BE30C002A1A05 /* LoginView.swift */ = {isa = PBXFileReference; lastKnownFileType = sourcecode.swift; path = LoginView.swift; sourceTree = "<group>"; };
		CD565F0A2972ED8800B26FC7 /* ChatApp.app */ = {isa = PBXFileReference; explicitFileType = wrapper.application; includeInIndex = 0; path = ChatApp.app; sourceTree = BUILT_PRODUCTS_DIR; };
		CD565F0D2972ED8800B26FC7 /* AppDelegate.swift */ = {isa = PBXFileReference; lastKnownFileType = sourcecode.swift; path = AppDelegate.swift; sourceTree = "<group>"; };
		CD565F0F2972ED8800B26FC7 /* SceneDelegate.swift */ = {isa = PBXFileReference; lastKnownFileType = sourcecode.swift; path = SceneDelegate.swift; sourceTree = "<group>"; };
		CD565F112972ED8800B26FC7 /* LoginViewController.swift */ = {isa = PBXFileReference; lastKnownFileType = sourcecode.swift; path = LoginViewController.swift; sourceTree = "<group>"; };
		CD565F172972ED8800B26FC7 /* ChatApp.xcdatamodel */ = {isa = PBXFileReference; lastKnownFileType = wrapper.xcdatamodel; path = ChatApp.xcdatamodel; sourceTree = "<group>"; };
		CD565F192972ED8A00B26FC7 /* Assets.xcassets */ = {isa = PBXFileReference; lastKnownFileType = folder.assetcatalog; path = Assets.xcassets; sourceTree = "<group>"; };
		CD565F1C2972ED8A00B26FC7 /* Base */ = {isa = PBXFileReference; lastKnownFileType = file.storyboard; name = Base; path = Base.lproj/LaunchScreen.storyboard; sourceTree = "<group>"; };
		CD565F1E2972ED8A00B26FC7 /* Info.plist */ = {isa = PBXFileReference; lastKnownFileType = text.plist.xml; path = Info.plist; sourceTree = "<group>"; };
		CD565F262972F3DE00B26FC7 /* ChatTableViewController.swift */ = {isa = PBXFileReference; lastKnownFileType = sourcecode.swift; path = ChatTableViewController.swift; sourceTree = "<group>"; };
		CD565F282972F49200B26FC7 /* MessageInputView.swift */ = {isa = PBXFileReference; lastKnownFileType = sourcecode.swift; path = MessageInputView.swift; sourceTree = "<group>"; };
		CD565F2A2972FBF400B26FC7 /* ChatController.swift */ = {isa = PBXFileReference; lastKnownFileType = sourcecode.swift; path = ChatController.swift; sourceTree = "<group>"; };
		CD565F2C2972FC1300B26FC7 /* Message.swift */ = {isa = PBXFileReference; lastKnownFileType = sourcecode.swift; path = Message.swift; sourceTree = "<group>"; };
		CD565F2E2972FD7000B26FC7 /* MessageViewModel.swift */ = {isa = PBXFileReference; lastKnownFileType = sourcecode.swift; path = MessageViewModel.swift; sourceTree = "<group>"; };
		CD565F302972FF2F00B26FC7 /* DateFormatters.swift */ = {isa = PBXFileReference; lastKnownFileType = sourcecode.swift; path = DateFormatters.swift; sourceTree = "<group>"; };
		CD565F322973018000B26FC7 /* MessageViewCell.swift */ = {isa = PBXFileReference; lastKnownFileType = sourcecode.swift; path = MessageViewCell.swift; sourceTree = "<group>"; };
		CD565F3429731A5500B26FC7 /* ChatService.swift */ = {isa = PBXFileReference; lastKnownFileType = sourcecode.swift; path = ChatService.swift; sourceTree = "<group>"; };
		CD565F3629731AEB00B26FC7 /* LoginModels.swift */ = {isa = PBXFileReference; lastKnownFileType = sourcecode.swift; path = LoginModels.swift; sourceTree = "<group>"; };
		EFB45F5B0EEEE1DA855BD1D8 /* Pods_ChatApp.framework */ = {isa = PBXFileReference; explicitFileType = wrapper.framework; includeInIndex = 0; path = Pods_ChatApp.framework; sourceTree = BUILT_PRODUCTS_DIR; };
/* End PBXFileReference section */

/* Begin PBXFrameworksBuildPhase section */
		CD565F072972ED8800B26FC7 /* Frameworks */ = {
			isa = PBXFrameworksBuildPhase;
			buildActionMask = 2147483647;
			files = (
				30CE821E3859BAB40A9768C0 /* Pods_ChatApp.framework in Frameworks */,
			);
			runOnlyForDeploymentPostprocessing = 0;
		};
/* End PBXFrameworksBuildPhase section */

/* Begin PBXGroup section */
		7945718AE35172FCCAE5CEF6 /* Frameworks */ = {
			isa = PBXGroup;
			children = (
				EFB45F5B0EEEE1DA855BD1D8 /* Pods_ChatApp.framework */,
			);
			name = Frameworks;
			sourceTree = "<group>";
		};
		A1CC639D75C3C045DBF20F52 /* Pods */ = {
			isa = PBXGroup;
			children = (
				5160C5BF4AA1509CB0181E98 /* Pods-ChatApp.debug.xcconfig */,
				4235E75FDAE2176D98494694 /* Pods-ChatApp.release.xcconfig */,
			);
			path = Pods;
			sourceTree = "<group>";
		};
		CD18DAD82990FE94005D6544 /* Extensions */ = {
			isa = PBXGroup;
			children = (
				CD18DAD92990FEAE005D6544 /* UITextField+Extension.swift */,
			);
			path = Extensions;
			sourceTree = "<group>";
		};
		CD18DAE029912192005D6544 /* Coordinators */ = {
			isa = PBXGroup;
			children = (
				CD18DADD29911EC7005D6544 /* MainCoordinator.swift */,
			);
			path = Coordinators;
			sourceTree = "<group>";
		};
		CD565F012972ED8800B26FC7 = {
			isa = PBXGroup;
			children = (
				CD565F0C2972ED8800B26FC7 /* ChatApp */,
				CD565F0B2972ED8800B26FC7 /* Products */,
				A1CC639D75C3C045DBF20F52 /* Pods */,
				7945718AE35172FCCAE5CEF6 /* Frameworks */,
			);
			sourceTree = "<group>";
		};
		CD565F0B2972ED8800B26FC7 /* Products */ = {
			isa = PBXGroup;
			children = (
				CD565F0A2972ED8800B26FC7 /* ChatApp.app */,
			);
			name = Products;
			sourceTree = "<group>";
		};
		CD565F0C2972ED8800B26FC7 /* ChatApp */ = {
			isa = PBXGroup;
			children = (
				CD18DAE029912192005D6544 /* Coordinators */,
				CD18DAD82990FE94005D6544 /* Extensions */,
				CD565F1E2972ED8A00B26FC7 /* Info.plist */,
				CDC92B65298BC6DE00F7E93A /* Core */,
				CDC92B64298BC6AE00F7E93A /* Utils */,
				CDC92B63298BC69E00F7E93A /* Services */,
				CDC92B62298BC67E00F7E93A /* ViewModels */,
				CDC92B61298BC67800F7E93A /* Models */,
				CDC92B60298BC66600F7E93A /* Controllers */,
				CD565F252972F3AC00B26FC7 /* Views */,
				CD565F242972F39500B26FC7 /* ViewControllers */,
			);
			path = ChatApp;
			sourceTree = "<group>";
		};
		CD565F242972F39500B26FC7 /* ViewControllers */ = {
			isa = PBXGroup;
			children = (
				CD565F112972ED8800B26FC7 /* LoginViewController.swift */,
				CD565F262972F3DE00B26FC7 /* ChatTableViewController.swift */,
			);
			path = ViewControllers;
			sourceTree = "<group>";
		};
		CD565F252972F3AC00B26FC7 /* Views */ = {
			isa = PBXGroup;
			children = (
				CD565F282972F49200B26FC7 /* MessageInputView.swift */,
				CD565F322973018000B26FC7 /* MessageViewCell.swift */,
				CD3C234F298BD897002A1A05 /* MessageView.swift */,
				CD3C2351298BE30C002A1A05 /* LoginView.swift */,
			);
			path = Views;
			sourceTree = "<group>";
		};
		CDC92B60298BC66600F7E93A /* Controllers */ = {
			isa = PBXGroup;
			children = (
				CD565F2A2972FBF400B26FC7 /* ChatController.swift */,
				CD18DAD62990FDC6005D6544 /* LoginButtonController.swift */,
			);
			path = Controllers;
			sourceTree = "<group>";
		};
		CDC92B61298BC67800F7E93A /* Models */ = {
			isa = PBXGroup;
			children = (
				CD565F3629731AEB00B26FC7 /* LoginModels.swift */,
				CD565F2C2972FC1300B26FC7 /* Message.swift */,
			);
			path = Models;
			sourceTree = "<group>";
		};
		CDC92B62298BC67E00F7E93A /* ViewModels */ = {
			isa = PBXGroup;
			children = (
				CD565F2E2972FD7000B26FC7 /* MessageViewModel.swift */,
			);
			path = ViewModels;
			sourceTree = "<group>";
		};
		CDC92B63298BC69E00F7E93A /* Services */ = {
			isa = PBXGroup;
			children = (
				CD565F3429731A5500B26FC7 /* ChatService.swift */,
			);
			path = Services;
			sourceTree = "<group>";
		};
		CDC92B64298BC6AE00F7E93A /* Utils */ = {
			isa = PBXGroup;
			children = (
				CD565F302972FF2F00B26FC7 /* DateFormatters.swift */,
			);
			path = Utils;
			sourceTree = "<group>";
		};
		CDC92B65298BC6DE00F7E93A /* Core */ = {
			isa = PBXGroup;
			children = (
				CD565F0D2972ED8800B26FC7 /* AppDelegate.swift */,
				CD565F0F2972ED8800B26FC7 /* SceneDelegate.swift */,
				CD565F192972ED8A00B26FC7 /* Assets.xcassets */,
				CD565F1B2972ED8A00B26FC7 /* LaunchScreen.storyboard */,
				CD565F162972ED8800B26FC7 /* ChatApp.xcdatamodeld */,
			);
			path = Core;
			sourceTree = "<group>";
		};
/* End PBXGroup section */

/* Begin PBXNativeTarget section */
		CD565F092972ED8800B26FC7 /* ChatApp */ = {
			isa = PBXNativeTarget;
			buildConfigurationList = CD565F212972ED8A00B26FC7 /* Build configuration list for PBXNativeTarget "ChatApp" */;
			buildPhases = (
				52B30CE201C42FB103990BB1 /* [CP] Check Pods Manifest.lock */,
				CD565F062972ED8800B26FC7 /* Sources */,
				CD565F072972ED8800B26FC7 /* Frameworks */,
				CD565F082972ED8800B26FC7 /* Resources */,
				53C333B90B099B26DABF1937 /* [CP] Embed Pods Frameworks */,
			);
			buildRules = (
			);
			dependencies = (
			);
			name = ChatApp;
			productName = ChatApp;
			productReference = CD565F0A2972ED8800B26FC7 /* ChatApp.app */;
			productType = "com.apple.product-type.application";
		};
/* End PBXNativeTarget section */

/* Begin PBXProject section */
		CD565F022972ED8800B26FC7 /* Project object */ = {
			isa = PBXProject;
			attributes = {
				BuildIndependentTargetsInParallel = 1;
				LastSwiftUpdateCheck = 1330;
				LastUpgradeCheck = 1330;
				TargetAttributes = {
					CD565F092972ED8800B26FC7 = {
						CreatedOnToolsVersion = 13.3.1;
					};
				};
			};
			buildConfigurationList = CD565F052972ED8800B26FC7 /* Build configuration list for PBXProject "ChatApp" */;
			compatibilityVersion = "Xcode 13.0";
			developmentRegion = en;
			hasScannedForEncodings = 0;
			knownRegions = (
				en,
				Base,
			);
			mainGroup = CD565F012972ED8800B26FC7;
			productRefGroup = CD565F0B2972ED8800B26FC7 /* Products */;
			projectDirPath = "";
			projectRoot = "";
			targets = (
				CD565F092972ED8800B26FC7 /* ChatApp */,
			);
		};
/* End PBXProject section */

/* Begin PBXResourcesBuildPhase section */
		CD565F082972ED8800B26FC7 /* Resources */ = {
			isa = PBXResourcesBuildPhase;
			buildActionMask = 2147483647;
			files = (
				CD565F1D2972ED8A00B26FC7 /* LaunchScreen.storyboard in Resources */,
				CD565F1A2972ED8A00B26FC7 /* Assets.xcassets in Resources */,
			);
			runOnlyForDeploymentPostprocessing = 0;
		};
/* End PBXResourcesBuildPhase section */

/* Begin PBXShellScriptBuildPhase section */
		52B30CE201C42FB103990BB1 /* [CP] Check Pods Manifest.lock */ = {
			isa = PBXShellScriptBuildPhase;
			buildActionMask = 2147483647;
			files = (
			);
			inputFileListPaths = (
			);
			inputPaths = (
				"${PODS_PODFILE_DIR_PATH}/Podfile.lock",
				"${PODS_ROOT}/Manifest.lock",
			);
			name = "[CP] Check Pods Manifest.lock";
			outputFileListPaths = (
			);
			outputPaths = (
				"$(DERIVED_FILE_DIR)/Pods-ChatApp-checkManifestLockResult.txt",
			);
			runOnlyForDeploymentPostprocessing = 0;
			shellPath = /bin/sh;
			shellScript = "diff \"${PODS_PODFILE_DIR_PATH}/Podfile.lock\" \"${PODS_ROOT}/Manifest.lock\" > /dev/null\nif [ $? != 0 ] ; then\n    # print error to STDERR\n    echo \"error: The sandbox is not in sync with the Podfile.lock. Run 'pod install' or update your CocoaPods installation.\" >&2\n    exit 1\nfi\n# This output is used by Xcode 'outputs' to avoid re-running this script phase.\necho \"SUCCESS\" > \"${SCRIPT_OUTPUT_FILE_0}\"\n";
			showEnvVarsInLog = 0;
		};
		53C333B90B099B26DABF1937 /* [CP] Embed Pods Frameworks */ = {
			isa = PBXShellScriptBuildPhase;
			buildActionMask = 2147483647;
			files = (
			);
			inputFileListPaths = (
				"${PODS_ROOT}/Target Support Files/Pods-ChatApp/Pods-ChatApp-frameworks-${CONFIGURATION}-input-files.xcfilelist",
			);
			name = "[CP] Embed Pods Frameworks";
			outputFileListPaths = (
				"${PODS_ROOT}/Target Support Files/Pods-ChatApp/Pods-ChatApp-frameworks-${CONFIGURATION}-output-files.xcfilelist",
			);
			runOnlyForDeploymentPostprocessing = 0;
			shellPath = /bin/sh;
			shellScript = "\"${PODS_ROOT}/Target Support Files/Pods-ChatApp/Pods-ChatApp-frameworks.sh\"\n";
			showEnvVarsInLog = 0;
		};
/* End PBXShellScriptBuildPhase section */

/* Begin PBXSourcesBuildPhase section */
		CD565F062972ED8800B26FC7 /* Sources */ = {
			isa = PBXSourcesBuildPhase;
			buildActionMask = 2147483647;
			files = (
				CD565F122972ED8800B26FC7 /* LoginViewController.swift in Sources */,
				CD565F2F2972FD7000B26FC7 /* MessageViewModel.swift in Sources */,
				CD565F182972ED8800B26FC7 /* ChatApp.xcdatamodeld in Sources */,
				CD3C2352298BE30C002A1A05 /* LoginView.swift in Sources */,
				CD565F2B2972FBF400B26FC7 /* ChatController.swift in Sources */,
				CD565F2D2972FC1300B26FC7 /* Message.swift in Sources */,
				CD565F3529731A5500B26FC7 /* ChatService.swift in Sources */,
				CD565F0E2972ED8800B26FC7 /* AppDelegate.swift in Sources */,
				CD565F332973018000B26FC7 /* MessageViewCell.swift in Sources */,
				CD565F312972FF2F00B26FC7 /* DateFormatters.swift in Sources */,
				CD565F102972ED8800B26FC7 /* SceneDelegate.swift in Sources */,
				CD565F3729731AEB00B26FC7 /* LoginModels.swift in Sources */,
				CD565F272972F3DE00B26FC7 /* ChatTableViewController.swift in Sources */,
				CD18DADE29911EC7005D6544 /* MainCoordinator.swift in Sources */,
				CD18DAD72990FDC6005D6544 /* LoginButtonController.swift in Sources */,
				CD3C2350298BD897002A1A05 /* MessageView.swift in Sources */,
				CD565F292972F49200B26FC7 /* MessageInputView.swift in Sources */,
				CD18DADA2990FEAE005D6544 /* UITextField+Extension.swift in Sources */,
			);
			runOnlyForDeploymentPostprocessing = 0;
		};
/* End PBXSourcesBuildPhase section */

/* Begin PBXVariantGroup section */
		CD565F1B2972ED8A00B26FC7 /* LaunchScreen.storyboard */ = {
			isa = PBXVariantGroup;
			children = (
				CD565F1C2972ED8A00B26FC7 /* Base */,
			);
			name = LaunchScreen.storyboard;
			sourceTree = "<group>";
		};
/* End PBXVariantGroup section */

/* Begin XCBuildConfiguration section */
		CD565F1F2972ED8A00B26FC7 /* Debug */ = {
			isa = XCBuildConfiguration;
			buildSettings = {
				ALWAYS_SEARCH_USER_PATHS = NO;
				CLANG_ANALYZER_NONNULL = YES;
				CLANG_ANALYZER_NUMBER_OBJECT_CONVERSION = YES_AGGRESSIVE;
				CLANG_CXX_LANGUAGE_STANDARD = "gnu++17";
				CLANG_ENABLE_MODULES = YES;
				CLANG_ENABLE_OBJC_ARC = YES;
				CLANG_ENABLE_OBJC_WEAK = YES;
				CLANG_WARN_BLOCK_CAPTURE_AUTORELEASING = YES;
				CLANG_WARN_BOOL_CONVERSION = YES;
				CLANG_WARN_COMMA = YES;
				CLANG_WARN_CONSTANT_CONVERSION = YES;
				CLANG_WARN_DEPRECATED_OBJC_IMPLEMENTATIONS = YES;
				CLANG_WARN_DIRECT_OBJC_ISA_USAGE = YES_ERROR;
				CLANG_WARN_DOCUMENTATION_COMMENTS = YES;
				CLANG_WARN_EMPTY_BODY = YES;
				CLANG_WARN_ENUM_CONVERSION = YES;
				CLANG_WARN_INFINITE_RECURSION = YES;
				CLANG_WARN_INT_CONVERSION = YES;
				CLANG_WARN_NON_LITERAL_NULL_CONVERSION = YES;
				CLANG_WARN_OBJC_IMPLICIT_RETAIN_SELF = YES;
				CLANG_WARN_OBJC_LITERAL_CONVERSION = YES;
				CLANG_WARN_OBJC_ROOT_CLASS = YES_ERROR;
				CLANG_WARN_QUOTED_INCLUDE_IN_FRAMEWORK_HEADER = YES;
				CLANG_WARN_RANGE_LOOP_ANALYSIS = YES;
				CLANG_WARN_STRICT_PROTOTYPES = YES;
				CLANG_WARN_SUSPICIOUS_MOVE = YES;
				CLANG_WARN_UNGUARDED_AVAILABILITY = YES_AGGRESSIVE;
				CLANG_WARN_UNREACHABLE_CODE = YES;
				CLANG_WARN__DUPLICATE_METHOD_MATCH = YES;
				COPY_PHASE_STRIP = NO;
				DEBUG_INFORMATION_FORMAT = dwarf;
				ENABLE_STRICT_OBJC_MSGSEND = YES;
				ENABLE_TESTABILITY = YES;
				GCC_C_LANGUAGE_STANDARD = gnu11;
				GCC_DYNAMIC_NO_PIC = NO;
				GCC_NO_COMMON_BLOCKS = YES;
				GCC_OPTIMIZATION_LEVEL = 0;
				GCC_PREPROCESSOR_DEFINITIONS = (
					"DEBUG=1",
					"$(inherited)",
				);
				GCC_WARN_64_TO_32_BIT_CONVERSION = YES;
				GCC_WARN_ABOUT_RETURN_TYPE = YES_ERROR;
				GCC_WARN_UNDECLARED_SELECTOR = YES;
				GCC_WARN_UNINITIALIZED_AUTOS = YES_AGGRESSIVE;
				GCC_WARN_UNUSED_FUNCTION = YES;
				GCC_WARN_UNUSED_VARIABLE = YES;
				IPHONEOS_DEPLOYMENT_TARGET = 15.4;
				MTL_ENABLE_DEBUG_INFO = INCLUDE_SOURCE;
				MTL_FAST_MATH = YES;
				ONLY_ACTIVE_ARCH = YES;
				SDKROOT = iphoneos;
				SWIFT_ACTIVE_COMPILATION_CONDITIONS = DEBUG;
				SWIFT_OPTIMIZATION_LEVEL = "-Onone";
			};
			name = Debug;
		};
		CD565F202972ED8A00B26FC7 /* Release */ = {
			isa = XCBuildConfiguration;
			buildSettings = {
				ALWAYS_SEARCH_USER_PATHS = NO;
				CLANG_ANALYZER_NONNULL = YES;
				CLANG_ANALYZER_NUMBER_OBJECT_CONVERSION = YES_AGGRESSIVE;
				CLANG_CXX_LANGUAGE_STANDARD = "gnu++17";
				CLANG_ENABLE_MODULES = YES;
				CLANG_ENABLE_OBJC_ARC = YES;
				CLANG_ENABLE_OBJC_WEAK = YES;
				CLANG_WARN_BLOCK_CAPTURE_AUTORELEASING = YES;
				CLANG_WARN_BOOL_CONVERSION = YES;
				CLANG_WARN_COMMA = YES;
				CLANG_WARN_CONSTANT_CONVERSION = YES;
				CLANG_WARN_DEPRECATED_OBJC_IMPLEMENTATIONS = YES;
				CLANG_WARN_DIRECT_OBJC_ISA_USAGE = YES_ERROR;
				CLANG_WARN_DOCUMENTATION_COMMENTS = YES;
				CLANG_WARN_EMPTY_BODY = YES;
				CLANG_WARN_ENUM_CONVERSION = YES;
				CLANG_WARN_INFINITE_RECURSION = YES;
				CLANG_WARN_INT_CONVERSION = YES;
				CLANG_WARN_NON_LITERAL_NULL_CONVERSION = YES;
				CLANG_WARN_OBJC_IMPLICIT_RETAIN_SELF = YES;
				CLANG_WARN_OBJC_LITERAL_CONVERSION = YES;
				CLANG_WARN_OBJC_ROOT_CLASS = YES_ERROR;
				CLANG_WARN_QUOTED_INCLUDE_IN_FRAMEWORK_HEADER = YES;
				CLANG_WARN_RANGE_LOOP_ANALYSIS = YES;
				CLANG_WARN_STRICT_PROTOTYPES = YES;
				CLANG_WARN_SUSPICIOUS_MOVE = YES;
				CLANG_WARN_UNGUARDED_AVAILABILITY = YES_AGGRESSIVE;
				CLANG_WARN_UNREACHABLE_CODE = YES;
				CLANG_WARN__DUPLICATE_METHOD_MATCH = YES;
				COPY_PHASE_STRIP = NO;
				DEBUG_INFORMATION_FORMAT = "dwarf-with-dsym";
				ENABLE_NS_ASSERTIONS = NO;
				ENABLE_STRICT_OBJC_MSGSEND = YES;
				GCC_C_LANGUAGE_STANDARD = gnu11;
				GCC_NO_COMMON_BLOCKS = YES;
				GCC_WARN_64_TO_32_BIT_CONVERSION = YES;
				GCC_WARN_ABOUT_RETURN_TYPE = YES_ERROR;
				GCC_WARN_UNDECLARED_SELECTOR = YES;
				GCC_WARN_UNINITIALIZED_AUTOS = YES_AGGRESSIVE;
				GCC_WARN_UNUSED_FUNCTION = YES;
				GCC_WARN_UNUSED_VARIABLE = YES;
				IPHONEOS_DEPLOYMENT_TARGET = 15.4;
				MTL_ENABLE_DEBUG_INFO = NO;
				MTL_FAST_MATH = YES;
				SDKROOT = iphoneos;
				SWIFT_COMPILATION_MODE = wholemodule;
				SWIFT_OPTIMIZATION_LEVEL = "-O";
				VALIDATE_PRODUCT = YES;
			};
			name = Release;
		};
		CD565F222972ED8A00B26FC7 /* Debug */ = {
			isa = XCBuildConfiguration;
			baseConfigurationReference = 5160C5BF4AA1509CB0181E98 /* Pods-ChatApp.debug.xcconfig */;
			buildSettings = {
				ASSETCATALOG_COMPILER_APPICON_NAME = AppIcon;
				ASSETCATALOG_COMPILER_GLOBAL_ACCENT_COLOR_NAME = AccentColor;
				CODE_SIGN_STYLE = Automatic;
				CURRENT_PROJECT_VERSION = 1;
				DEVELOPMENT_TEAM = Y2ZMF37QVQ;
				GENERATE_INFOPLIST_FILE = YES;
				INFOPLIST_FILE = ChatApp/Info.plist;
				INFOPLIST_KEY_UIApplicationSupportsIndirectInputEvents = YES;
				INFOPLIST_KEY_UILaunchStoryboardName = LaunchScreen;
				INFOPLIST_KEY_UISupportedInterfaceOrientations_iPad = "UIInterfaceOrientationPortrait UIInterfaceOrientationPortraitUpsideDown UIInterfaceOrientationLandscapeLeft UIInterfaceOrientationLandscapeRight";
				INFOPLIST_KEY_UISupportedInterfaceOrientations_iPhone = "UIInterfaceOrientationPortrait UIInterfaceOrientationLandscapeLeft UIInterfaceOrientationLandscapeRight";
				LD_RUNPATH_SEARCH_PATHS = (
					"$(inherited)",
					"@executable_path/Frameworks",
				);
				MARKETING_VERSION = 1.0;
				PRODUCT_BUNDLE_IDENTIFIER = com.myorganization.ChatApp;
				PRODUCT_NAME = "$(TARGET_NAME)";
				SWIFT_EMIT_LOC_STRINGS = YES;
				SWIFT_VERSION = 5.0;
				TARGETED_DEVICE_FAMILY = "1,2";
			};
			name = Debug;
		};
		CD565F232972ED8A00B26FC7 /* Release */ = {
			isa = XCBuildConfiguration;
			baseConfigurationReference = 4235E75FDAE2176D98494694 /* Pods-ChatApp.release.xcconfig */;
			buildSettings = {
				ASSETCATALOG_COMPILER_APPICON_NAME = AppIcon;
				ASSETCATALOG_COMPILER_GLOBAL_ACCENT_COLOR_NAME = AccentColor;
				CODE_SIGN_STYLE = Automatic;
				CURRENT_PROJECT_VERSION = 1;
				DEVELOPMENT_TEAM = Y2ZMF37QVQ;
				GENERATE_INFOPLIST_FILE = YES;
				INFOPLIST_FILE = ChatApp/Info.plist;
				INFOPLIST_KEY_UIApplicationSupportsIndirectInputEvents = YES;
				INFOPLIST_KEY_UILaunchStoryboardName = LaunchScreen;
				INFOPLIST_KEY_UISupportedInterfaceOrientations_iPad = "UIInterfaceOrientationPortrait UIInterfaceOrientationPortraitUpsideDown UIInterfaceOrientationLandscapeLeft UIInterfaceOrientationLandscapeRight";
				INFOPLIST_KEY_UISupportedInterfaceOrientations_iPhone = "UIInterfaceOrientationPortrait UIInterfaceOrientationLandscapeLeft UIInterfaceOrientationLandscapeRight";
				LD_RUNPATH_SEARCH_PATHS = (
					"$(inherited)",
					"@executable_path/Frameworks",
				);
				MARKETING_VERSION = 1.0;
				PRODUCT_BUNDLE_IDENTIFIER = com.myorganization.ChatApp;
				PRODUCT_NAME = "$(TARGET_NAME)";
				SWIFT_EMIT_LOC_STRINGS = YES;
				SWIFT_VERSION = 5.0;
				TARGETED_DEVICE_FAMILY = "1,2";
			};
			name = Release;
		};
/* End XCBuildConfiguration section */

/* Begin XCConfigurationList section */
		CD565F052972ED8800B26FC7 /* Build configuration list for PBXProject "ChatApp" */ = {
			isa = XCConfigurationList;
			buildConfigurations = (
				CD565F1F2972ED8A00B26FC7 /* Debug */,
				CD565F202972ED8A00B26FC7 /* Release */,
			);
			defaultConfigurationIsVisible = 0;
			defaultConfigurationName = Release;
		};
		CD565F212972ED8A00B26FC7 /* Build configuration list for PBXNativeTarget "ChatApp" */ = {
			isa = XCConfigurationList;
			buildConfigurations = (
				CD565F222972ED8A00B26FC7 /* Debug */,
				CD565F232972ED8A00B26FC7 /* Release */,
			);
			defaultConfigurationIsVisible = 0;
			defaultConfigurationName = Release;
		};
/* End XCConfigurationList section */

/* Begin XCVersionGroup section */
		CD565F162972ED8800B26FC7 /* ChatApp.xcdatamodeld */ = {
			isa = XCVersionGroup;
			children = (
				CD565F172972ED8800B26FC7 /* ChatApp.xcdatamodel */,
			);
			currentVersion = CD565F172972ED8800B26FC7 /* ChatApp.xcdatamodel */;
			path = ChatApp.xcdatamodeld;
			sourceTree = "<group>";
			versionGroupType = wrapper.xcdatamodel;
		};
/* End XCVersionGroup section */
	};
	rootObject = CD565F022972ED8800B26FC7 /* Project object */;
}
